Microsoft Visual Studio Solution File, Format Version 11.00
# Visual Studio 2008

Project("{30E4A891-2703-9C0B-FAB1-DCD22743EA42}") = "ManoramaOnline Hackathon", "Assembly-CSharp.csproj", "{089D9F7B-16AA-05D6-41B7-95289F3D0E70}"
EndProject
Project("{30E4A891-2703-9C0B-FAB1-DCD22743EA42}") = "ManoramaOnline Hackathon", "Assembly-CSharp-Editor.csproj", "{2EEE2B73-98B4-D44D-BB4B-C4C4C078911C}"
EndProject
Global
	GlobalSection(SolutionConfigurationPlatforms) = preSolution
		Debug|Any CPU = Debug|Any CPU
		Release|Any CPU = Release|Any CPU
	EndGlobalSection
	GlobalSection(ProjectConfigurationPlatforms) = postSolution
		{089D9F7B-16AA-05D6-41B7-95289F3D0E70}.Debug|Any CPU.ActiveCfg = Debug|Any CPU
		{089D9F7B-16AA-05D6-41B7-95289F3D0E70}.Debug|Any CPU.Build.0 = Debug|Any CPU
		{089D9F7B-16AA-05D6-41B7-95289F3D0E70}.Release|Any CPU.ActiveCfg = Release|Any CPU
		{089D9F7B-16AA-05D6-41B7-95289F3D0E70}.Release|Any CPU.Build.0 = Release|Any CPU
		{2EEE2B73-98B4-D44D-BB4B-C4C4C078911C}.Debug|Any CPU.ActiveCfg = Debug|Any CPU
		{2EEE2B73-98B4-D44D-BB4B-C4C4C078911C}.Debug|Any CPU.Build.0 = Debug|Any CPU
		{2EEE2B73-98B4-D44D-BB4B-C4C4C078911C}.Release|Any CPU.ActiveCfg = Release|Any CPU
		{2EEE2B73-98B4-D44D-BB4B-C4C4C078911C}.Release|Any CPU.Build.0 = Release|Any CPU
	EndGlobalSection
	GlobalSection(SolutionProperties) = preSolution
		HideSolutionNode = FALSE
	EndGlobalSection
	GlobalSection(MonoDevelopProperties) = preSolution
		StartupItem = Assembly-CSharp.csproj
	EndGlobalSection
EndGlobal
